
Microsoft Visual Studio Solution File, Format Version 12.00
# Visual Studio Version 17
VisualStudioVersion = 17.5.002.0
MinimumVisualStudioVersion = 10.0.40219.1
Project("{9A19103F-16F7-4668-BE54-9A1E7A4F7556}") = "LinkApp", "LinkApp.csproj", "{17783241-CD15-4C68-A9E1-1569AD9F5FCF}"
EndProject
Global
	GlobalSection(SolutionConfigurationPlatforms) = preSolution
		Debug|Any CPU = Debug|Any CPU
		Release|Any CPU = Release|Any CPU
	EndGlobalSection
	GlobalSection(ProjectConfigurationPlatforms) = postSolution
		{17783241-CD15-4C68-A9E1-1569AD9F5FCF}.Debug|Any CPU.ActiveCfg = Debug|Any CPU
		{17783241-CD15-4C68-A9E1-1569AD9F5FCF}.Debug|Any CPU.Build.0 = Debug|Any CPU
		{17783241-CD15-4C68-A9E1-1569AD9F5FCF}.Release|Any CPU.ActiveCfg = Release|Any CPU
		{17783241-CD15-4C68-A9E1-1569AD9F5FCF}.Release|Any CPU.Build.0 = Release|Any CPU
	EndGlobalSection
	GlobalSection(SolutionProperties) = preSolution
		HideSolutionNode = FALSE
	EndGlobalSection
	GlobalSection(ExtensibilityGlobals) = postSolution
		SolutionGuid = {13FC772E-45E6-4D39-9679-218A5FECFB79}
	EndGlobalSection
EndGlobal
