
Microsoft Visual Studio Solution File, Format Version 12.00
# Visual Studio Version 17
VisualStudioVersion = 17.5.002.0
MinimumVisualStudioVersion = 10.0.40219.1
Project("{9A19103F-16F7-4668-BE54-9A1E7A4F7556}") = "Shape-win-app", "Shape-win-app.csproj", "{191EFAFA-9C00-4400-8B4A-71DE42A4DCEC}"
EndProject
Global
	GlobalSection(SolutionConfigurationPlatforms) = preSolution
		Debug|Any CPU = Debug|Any CPU
		Release|Any CPU = Release|Any CPU
	EndGlobalSection
	GlobalSection(ProjectConfigurationPlatforms) = postSolution
		{191EFAFA-9C00-4400-8B4A-71DE42A4DCEC}.Debug|Any CPU.ActiveCfg = Debug|Any CPU
		{191EFAFA-9C00-4400-8B4A-71DE42A4DCEC}.Debug|Any CPU.Build.0 = Debug|Any CPU
		{191EFAFA-9C00-4400-8B4A-71DE42A4DCEC}.Release|Any CPU.ActiveCfg = Release|Any CPU
		{191EFAFA-9C00-4400-8B4A-71DE42A4DCEC}.Release|Any CPU.Build.0 = Release|Any CPU
	EndGlobalSection
	GlobalSection(SolutionProperties) = preSolution
		HideSolutionNode = FALSE
	EndGlobalSection
	GlobalSection(ExtensibilityGlobals) = postSolution
		SolutionGuid = {2B19FBED-24D4-4F05-846C-2F6AD656EC7B}
	EndGlobalSection
EndGlobal
