
Microsoft Visual Studio Solution File, Format Version 12.00
# Visual Studio Version 17
VisualStudioVersion = 17.5.002.0
MinimumVisualStudioVersion = 10.0.40219.1
Project("{9A19103F-16F7-4668-BE54-9A1E7A4F7556}") = "quickSort", "quickSort.csproj", "{6B4B4053-E5D4-4781-8D32-948C780A20EC}"
EndProject
Global
	GlobalSection(SolutionConfigurationPlatforms) = preSolution
		Debug|Any CPU = Debug|Any CPU
		Release|Any CPU = Release|Any CPU
	EndGlobalSection
	GlobalSection(ProjectConfigurationPlatforms) = postSolution
		{6B4B4053-E5D4-4781-8D32-948C780A20EC}.Debug|Any CPU.ActiveCfg = Debug|Any CPU
		{6B4B4053-E5D4-4781-8D32-948C780A20EC}.Debug|Any CPU.Build.0 = Debug|Any CPU
		{6B4B4053-E5D4-4781-8D32-948C780A20EC}.Release|Any CPU.ActiveCfg = Release|Any CPU
		{6B4B4053-E5D4-4781-8D32-948C780A20EC}.Release|Any CPU.Build.0 = Release|Any CPU
	EndGlobalSection
	GlobalSection(SolutionProperties) = preSolution
		HideSolutionNode = FALSE
	EndGlobalSection
	GlobalSection(ExtensibilityGlobals) = postSolution
		SolutionGuid = {74BE10A1-8DE8-4D5C-A55A-C5A461A2AC67}
	EndGlobalSection
EndGlobal
