
Microsoft Visual Studio Solution File, Format Version 12.00
# Visual Studio Version 17
VisualStudioVersion = 17.5.002.0
MinimumVisualStudioVersion = 10.0.40219.1
Project("{9A19103F-16F7-4668-BE54-9A1E7A4F7556}") = "Dynamic-Array", "Dynamic-Array\Dynamic-Array.csproj", "{5D0F1CC0-2935-456C-B6D9-F4B3EB2A9BBD}"
EndProject
Global
	GlobalSection(SolutionConfigurationPlatforms) = preSolution
		Debug|Any CPU = Debug|Any CPU
		Release|Any CPU = Release|Any CPU
	EndGlobalSection
	GlobalSection(ProjectConfigurationPlatforms) = postSolution
		{5D0F1CC0-2935-456C-B6D9-F4B3EB2A9BBD}.Debug|Any CPU.ActiveCfg = Debug|Any CPU
		{5D0F1CC0-2935-456C-B6D9-F4B3EB2A9BBD}.Debug|Any CPU.Build.0 = Debug|Any CPU
		{5D0F1CC0-2935-456C-B6D9-F4B3EB2A9BBD}.Release|Any CPU.ActiveCfg = Release|Any CPU
		{5D0F1CC0-2935-456C-B6D9-F4B3EB2A9BBD}.Release|Any CPU.Build.0 = Release|Any CPU
	EndGlobalSection
	GlobalSection(SolutionProperties) = preSolution
		HideSolutionNode = FALSE
	EndGlobalSection
	GlobalSection(ExtensibilityGlobals) = postSolution
		SolutionGuid = {14DB7240-BC06-4D79-A172-8A8C6EC48356}
	EndGlobalSection
EndGlobal
