
Microsoft Visual Studio Solution File, Format Version 12.00
# Visual Studio Version 17
VisualStudioVersion = 17.5.002.0
MinimumVisualStudioVersion = 10.0.40219.1
Project("{9A19103F-16F7-4668-BE54-9A1E7A4F7556}") = "test", "test.csproj", "{7F361A2F-C625-4950-A115-75F77C4B5CAD}"
EndProject
Project("{9A19103F-16F7-4668-BE54-9A1E7A4F7556}") = "test_r3o0mjiq_wpftmp", "test_r3o0mjiq_wpftmp.csproj", "{93DF2A11-82A3-4B16-809E-0FD6FC596A27}"
EndProject
Global
	GlobalSection(SolutionConfigurationPlatforms) = preSolution
		Debug|Any CPU = Debug|Any CPU
		Release|Any CPU = Release|Any CPU
	EndGlobalSection
	GlobalSection(ProjectConfigurationPlatforms) = postSolution
		{7F361A2F-C625-4950-A115-75F77C4B5CAD}.Debug|Any CPU.ActiveCfg = Debug|Any CPU
		{7F361A2F-C625-4950-A115-75F77C4B5CAD}.Debug|Any CPU.Build.0 = Debug|Any CPU
		{7F361A2F-C625-4950-A115-75F77C4B5CAD}.Release|Any CPU.ActiveCfg = Release|Any CPU
		{7F361A2F-C625-4950-A115-75F77C4B5CAD}.Release|Any CPU.Build.0 = Release|Any CPU
		{93DF2A11-82A3-4B16-809E-0FD6FC596A27}.Debug|Any CPU.ActiveCfg = Debug|Any CPU
		{93DF2A11-82A3-4B16-809E-0FD6FC596A27}.Debug|Any CPU.Build.0 = Debug|Any CPU
		{93DF2A11-82A3-4B16-809E-0FD6FC596A27}.Release|Any CPU.ActiveCfg = Release|Any CPU
		{93DF2A11-82A3-4B16-809E-0FD6FC596A27}.Release|Any CPU.Build.0 = Release|Any CPU
	EndGlobalSection
	GlobalSection(SolutionProperties) = preSolution
		HideSolutionNode = FALSE
	EndGlobalSection
	GlobalSection(ExtensibilityGlobals) = postSolution
		SolutionGuid = {5407F257-1FDB-4EDE-85CA-614D0C7390E0}
	EndGlobalSection
EndGlobal
